
Microsoft Visual Studio Solution File, Format Version 12.00
# Visual Studio Version 17
VisualStudioVersion = 17.13.35818.85
MinimumVisualStudioVersion = 10.0.40219.1
Project("{FAE04EC0-301F-11D3-BF4B-00C04F79EFBC}") = "WebshopFrontend", "WebshopFrontend\WebshopFrontend.csproj", "{272B1678-7EA5-42D8-9156-B353A3FC85B6}"
	ProjectSection(ProjectDependencies) = postProject
		{A41EA588-92A2-4F53-A4BE-0FEF1BFA141F} = {A41EA588-92A2-4F53-A4BE-0FEF1BFA141F}
	EndProjectSection
EndProject
Project("{FAE04EC0-301F-11D3-BF4B-00C04F79EFBC}") = "WebshopShared", "WebshopShared\WebshopShared.csproj", "{BBBAE296-BDA6-4208-A5FE-51ACD2BD4DAE}"
EndProject
Project("{FAE04EC0-301F-11D3-BF4B-00C04F79EFBC}") = "WebshopBackend", "WebshopBackend\WebshopBackend.csproj", "{A41EA588-92A2-4F53-A4BE-0FEF1BFA141F}"
EndProject
Global
	GlobalSection(SolutionConfigurationPlatforms) = preSolution
		Debug|Any CPU = Debug|Any CPU
		Release|Any CPU = Release|Any CPU
	EndGlobalSection
	GlobalSection(ProjectConfigurationPlatforms) = postSolution
		{272B1678-7EA5-42D8-9156-B353A3FC85B6}.Debug|Any CPU.ActiveCfg = Debug|Any CPU
		{272B1678-7EA5-42D8-9156-B353A3FC85B6}.Debug|Any CPU.Build.0 = Debug|Any CPU
		{272B1678-7EA5-42D8-9156-B353A3FC85B6}.Release|Any CPU.ActiveCfg = Release|Any CPU
		{272B1678-7EA5-42D8-9156-B353A3FC85B6}.Release|Any CPU.Build.0 = Release|Any CPU
		{BBBAE296-BDA6-4208-A5FE-51ACD2BD4DAE}.Debug|Any CPU.ActiveCfg = Debug|Any CPU
		{BBBAE296-BDA6-4208-A5FE-51ACD2BD4DAE}.Debug|Any CPU.Build.0 = Debug|Any CPU
		{BBBAE296-BDA6-4208-A5FE-51ACD2BD4DAE}.Release|Any CPU.ActiveCfg = Release|Any CPU
		{BBBAE296-BDA6-4208-A5FE-51ACD2BD4DAE}.Release|Any CPU.Build.0 = Release|Any CPU
		{A41EA588-92A2-4F53-A4BE-0FEF1BFA141F}.Debug|Any CPU.ActiveCfg = Debug|Any CPU
		{A41EA588-92A2-4F53-A4BE-0FEF1BFA141F}.Debug|Any CPU.Build.0 = Debug|Any CPU
		{A41EA588-92A2-4F53-A4BE-0FEF1BFA141F}.Release|Any CPU.ActiveCfg = Release|Any CPU
		{A41EA588-92A2-4F53-A4BE-0FEF1BFA141F}.Release|Any CPU.Build.0 = Release|Any CPU
	EndGlobalSection
	GlobalSection(SolutionProperties) = preSolution
		HideSolutionNode = FALSE
	EndGlobalSection
	GlobalSection(ExtensibilityGlobals) = postSolution
		SolutionGuid = {513C98A5-78A6-4579-B631-9CF2FAF925B6}
	EndGlobalSection
EndGlobal
